{
  "version": 1,
  "dependencies": {
    "net8.0": {
      "BouncyCastle.Cryptography": {
        "type": "Transitive",
        "resolved": "2.6.2",
        "contentHash": "7oWOcvnntmMKNzDLsdxAYqApt+AjpRpP2CShjMfIa3umZ42UQMvH0tl1qAliYPNYO6vTdcGMqnRrCPmsfzTI1w=="
      },
      "velsigil.client": {
        "type": "Project",
        "dependencies": {
          "BouncyCastle.Cryptography": "[2.6.2, )"
        }
      }
    }
  }
}